// !$*UTF8*$!
{
	archiveVersion = 1;
	classes = {
	};
	objectVersion = 46;
	objects = {

/* Begin PBXBuildFile section */
		DBDCE8DD1C55F8950086D38A /* AppDelegate.swift in Sources */ = {isa = PBXBuildFile; fileRef = DBDCE8DC1C55F8950086D38A /* AppDelegate.swift */; };
		DBDCE8DF1C55F8950086D38A /* ViewController.swift in Sources */ = {isa = PBXBuildFile; fileRef = DBDCE8DE1C55F8950086D38A /* ViewController.swift */; };
		DBDCE8E21C55F8950086D38A /* Main.storyboard in Resources */ = {isa = PBXBuildFile; fileRef = DBDCE8E01C55F8950086D38A /* Main.storyboard */; };
		DBDCE8E41C55F8950086D38A /* Assets.xcassets in Resources */ = {isa = PBXBuildFile; fileRef = DBDCE8E31C55F8950086D38A /* Assets.xcassets */; };
		DBDCE8E71C55F8950086D38A /* LaunchScreen.storyboard in Resources */ = {isa = PBXBuildFile; fileRef = DBDCE8E51C55F8950086D38A /* LaunchScreen.storyboard */; };
		DBDCE8EF1C55F9120086D38A /* AttributeLabelView.swift in Sources */ = {isa = PBXBuildFile; fileRef = DBDCE8EE1C55F9120086D38A /* AttributeLabelView.swift */; };
/* End PBXBuildFile section */

/* Begin PBXFileReference section */
		DBDCE8D91C55F8950086D38A /* LabelVIew.app */ = {isa = PBXFileReference; explicitFileType = wrapper.application; includeInIndex = 0; path = LabelVIew.app; sourceTree = BUILT_PRODUCTS_DIR; };
		DBDCE8DC1C55F8950086D38A /* AppDelegate.swift */ = {isa = PBXFileReference; lastKnownFileType = sourcecode.swift; path = AppDelegate.swift; sourceTree = "<group>"; };
		DBDCE8DE1C55F8950086D38A /* ViewController.swift */ = {isa = PBXFileReference; lastKnownFileType = sourcecode.swift; path = ViewController.swift; sourceTree = "<group>"; };
		DBDCE8E11C55F8950086D38A /* Base */ = {isa = PBXFileReference; lastKnownFileType = file.storyboard; name = Base; path = Base.lproj/Main.storyboard; sourceTree = "<group>"; };
		DBDCE8E31C55F8950086D38A /* Assets.xcassets */ = {isa = PBXFileReference; lastKnownFileType = folder.assetcatalog; path = Assets.xcassets; sourceTree = "<group>"; };
		DBDCE8E61C55F8950086D38A /* Base */ = {isa = PBXFileReference; lastKnownFileType = file.storyboard; name = Base; path = Base.lproj/LaunchScreen.storyboard; sourceTree = "<group>"; };
		DBDCE8E81C55F8950086D38A /* Info.plist */ = {isa = PBXFileReference; lastKnownFileType = text.plist.xml; path = Info.plist; sourceTree = "<group>"; };
		DBDCE8EE1C55F9120086D38A /* AttributeLabelView.swift */ = {isa = PBXFileReference; fileEncoding = 4; lastKnownFileType = sourcecode.swift; path = AttributeLabelView.swift; sourceTree = "<group>"; };
/* End PBXFileReference section */

/* Begin PBXFrameworksBuildPhase section */
		DBDCE8D61C55F8950086D38A /* Frameworks */ = {
			isa = PBXFrameworksBuildPhase;
			buildActionMask = 2147483647;
			files = (
			);
			runOnlyForDeploymentPostprocessing = 0;
		};
/* End PBXFrameworksBuildPhase section */

/* Begin PBXGroup section */
		DBDCE8D01C55F8950086D38A = {
			isa = PBXGroup;
			children = (
				DBDCE8DB1C55F8950086D38A /* LabelVIew */,
				DBDCE8DA1C55F8950086D38A /* Products */,
			);
			sourceTree = "<group>";
		};
		DBDCE8DA1C55F8950086D38A /* Products */ = {
			isa = PBXGroup;
			children = (
				DBDCE8D91C55F8950086D38A /* LabelVIew.app */,
			);
			name = Products;
			sourceTree = "<group>";
		};
		DBDCE8DB1C55F8950086D38A /* LabelVIew */ = {
			isa = PBXGroup;
			children = (
				DBDCE8DC1C55F8950086D38A /* AppDelegate.swift */,
				DBDCE8DE1C55F8950086D38A /* ViewController.swift */,
				DBDCE8EE1C55F9120086D38A /* AttributeLabelView.swift */,
				DBDCE8E01C55F8950086D38A /* Main.storyboard */,
				DBDCE8E31C55F8950086D38A /* Assets.xcassets */,
				DBDCE8E51C55F8950086D38A /* LaunchScreen.storyboard */,
				DBDCE8E81C55F8950086D38A /* Info.plist */,
			);
			path = LabelVIew;
			sourceTree = "<group>";
		};
/* End PBXGroup section */

/* Begin PBXNativeTarget section */
		DBDCE8D81C55F8950086D38A /* LabelVIew */ = {
			isa = PBXNativeTarget;
			buildConfigurationList = DBDCE8EB1C55F8950086D38A /* Build configuration list for PBXNativeTarget "LabelVIew" */;
			buildPhases = (
				DBDCE8D51C55F8950086D38A /* Sources */,
				DBDCE8D61C55F8950086D38A /* Frameworks */,
				DBDCE8D71C55F8950086D38A /* Resources */,
			);
			buildRules = (
			);
			dependencies = (
			);
			name = LabelVIew;
			productName = LabelVIew;
			productReference = DBDCE8D91C55F8950086D38A /* LabelVIew.app */;
			productType = "com.apple.product-type.application";
		};
/* End PBXNativeTarget section */

/* Begin PBXProject section */
		DBDCE8D11C55F8950086D38A /* Project object */ = {
			isa = PBXProject;
			attributes = {
				LastSwiftUpdateCheck = 0720;
				LastUpgradeCheck = 0720;
				ORGANIZATIONNAME = YaoQiang;
				TargetAttributes = {
					DBDCE8D81C55F8950086D38A = {
						CreatedOnToolsVersion = 7.2;
					};
				};
			};
			buildConfigurationList = DBDCE8D41C55F8950086D38A /* Build configuration list for PBXProject "LabelVIew" */;
			compatibilityVersion = "Xcode 3.2";
			developmentRegion = English;
			hasScannedForEncodings = 0;
			knownRegions = (
				en,
				Base,
			);
			mainGroup = DBDCE8D01C55F8950086D38A;
			productRefGroup = DBDCE8DA1C55F8950086D38A /* Products */;
			projectDirPath = "";
			projectRoot = "";
			targets = (
				DBDCE8D81C55F8950086D38A /* LabelVIew */,
			);
		};
/* End PBXProject section */

/* Begin PBXResourcesBuildPhase section */
		DBDCE8D71C55F8950086D38A /* Resources */ = {
			isa = PBXResourcesBuildPhase;
			buildActionMask = 2147483647;
			files = (
				DBDCE8E71C55F8950086D38A /* LaunchScreen.storyboard in Resources */,
				DBDCE8E41C55F8950086D38A /* Assets.xcassets in Resources */,
				DBDCE8E21C55F8950086D38A /* Main.storyboard in Resources */,
			);
			runOnlyForDeploymentPostprocessing = 0;
		};
/* End PBXResourcesBuildPhase section */

/* Begin PBXSourcesBuildPhase section */
		DBDCE8D51C55F8950086D38A /* Sources */ = {
			isa = PBXSourcesBuildPhase;
			buildActionMask = 2147483647;
			files = (
				DBDCE8DF1C55F8950086D38A /* ViewController.swift in Sources */,
				DBDCE8DD1C55F8950086D38A /* AppDelegate.swift in Sources */,
				DBDCE8EF1C55F9120086D38A /* AttributeLabelView.swift in Sources */,
			);
			runOnlyForDeploymentPostprocessing = 0;
		};
/* End PBXSourcesBuildPhase section */

/* Begin PBXVariantGroup section */
		DBDCE8E01C55F8950086D38A /* Main.storyboard */ = {
			isa = PBXVariantGroup;
			children = (
				DBDCE8E11C55F8950086D38A /* Base */,
			);
			name = Main.storyboard;
			sourceTree = "<group>";
		};
		DBDCE8E51C55F8950086D38A /* LaunchScreen.storyboard */ = {
			isa = PBXVariantGroup;
			children = (
				DBDCE8E61C55F8950086D38A /* Base */,
			);
			name = LaunchScreen.storyboard;
			sourceTree = "<group>";
		};
/* End PBXVariantGroup section */

/* Begin XCBuildConfiguration section */
		DBDCE8E91C55F8950086D38A /* Debug */ = {
			isa = XCBuildConfiguration;
			buildSettings = {
				ALWAYS_SEARCH_USER_PATHS = NO;
				CLANG_CXX_LANGUAGE_STANDARD = "gnu++0x";
				CLANG_CXX_LIBRARY = "libc++";
				CLANG_ENABLE_MODULES = YES;
				CLANG_ENABLE_OBJC_ARC = YES;
				CLANG_WARN_BOOL_CONVERSION = YES;
				CLANG_WARN_CONSTANT_CONVERSION = YES;
				CLANG_WARN_DIRECT_OBJC_ISA_USAGE = YES_ERROR;
				CLANG_WARN_EMPTY_BODY = YES;
				CLANG_WARN_ENUM_CONVERSION = YES;
				CLANG_WARN_INT_CONVERSION = YES;
				CLANG_WARN_OBJC_ROOT_CLASS = YES_ERROR;
				CLANG_WARN_UNREACHABLE_CODE = YES;
				CLANG_WARN__DUPLICATE_METHOD_MATCH = YES;
				"CODE_SIGN_IDENTITY[sdk=iphoneos*]" = "iPhone Developer";
				COPY_PHASE_STRIP = NO;
				DEBUG_INFORMATION_FORMAT = dwarf;
				ENABLE_STRICT_OBJC_MSGSEND = YES;
				ENABLE_TESTABILITY = YES;
				GCC_C_LANGUAGE_STANDARD = gnu99;
				GCC_DYNAMIC_NO_PIC = NO;
				GCC_NO_COMMON_BLOCKS = YES;
				GCC_OPTIMIZATION_LEVEL = 0;
				GCC_PREPROCESSOR_DEFINITIONS = (
					"DEBUG=1",
					"$(inherited)",
				);
				GCC_WARN_64_TO_32_BIT_CONVERSION = YES;
				GCC_WARN_ABOUT_RETURN_TYPE = YES_ERROR;
				GCC_WARN_UNDECLARED_SELECTOR = YES;
				GCC_WARN_UNINITIALIZED_AUTOS = YES_AGGRESSIVE;
				GCC_WARN_UNUSED_FUNCTION = YES;
				GCC_WARN_UNUSED_VARIABLE = YES;
				IPHONEOS_DEPLOYMENT_TARGET = 9.2;
				MTL_ENABLE_DEBUG_INFO = YES;
				ONLY_ACTIVE_ARCH = YES;
				SDKROOT = iphoneos;
				SWIFT_OPTIMIZATION_LEVEL = "-Onone";
			};
			name = Debug;
		};
		DBDCE8EA1C55F8950086D38A /* Release */ = {
			isa = XCBuildConfiguration;
			buildSettings = {
				ALWAYS_SEARCH_USER_PATHS = NO;
				CLANG_CXX_LANGUAGE_STANDARD = "gnu++0x";
				CLANG_CXX_LIBRARY = "libc++";
				CLANG_ENABLE_MODULES = YES;
				CLANG_ENABLE_OBJC_ARC = YES;
				CLANG_WARN_BOOL_CONVERSION = YES;
				CLANG_WARN_CONSTANT_CONVERSION = YES;
				CLANG_WARN_DIRECT_OBJC_ISA_USAGE = YES_ERROR;
				CLANG_WARN_EMPTY_BODY = YES;
				CLANG_WARN_ENUM_CONVERSION = YES;
				CLANG_WARN_INT_CONVERSION = YES;
				CLANG_WARN_OBJC_ROOT_CLASS = YES_ERROR;
				CLANG_WARN_UNREACHABLE_CODE = YES;
				CLANG_WARN__DUPLICATE_METHOD_MATCH = YES;
				"CODE_SIGN_IDENTITY[sdk=iphoneos*]" = "iPhone Developer";
				COPY_PHASE_STRIP = NO;
				DEBUG_INFORMATION_FORMAT = "dwarf-with-dsym";
				ENABLE_NS_ASSERTIONS = NO;
				ENABLE_STRICT_OBJC_MSGSEND = YES;
				GCC_C_LANGUAGE_STANDARD = gnu99;
				GCC_NO_COMMON_BLOCKS = YES;
				GCC_WARN_64_TO_32_BIT_CONVERSION = YES;
				GCC_WARN_ABOUT_RETURN_TYPE = YES_ERROR;
				GCC_WARN_UNDECLARED_SELECTOR = YES;
				GCC_WARN_UNINITIALIZED_AUTOS = YES_AGGRESSIVE;
				GCC_WARN_UNUSED_FUNCTION = YES;
				GCC_WARN_UNUSED_VARIABLE = YES;
				IPHONEOS_DEPLOYMENT_TARGET = 9.2;
				MTL_ENABLE_DEBUG_INFO = NO;
				SDKROOT = iphoneos;
				VALIDATE_PRODUCT = YES;
			};
			name = Release;
		};
		DBDCE8EC1C55F8950086D38A /* Debug */ = {
			isa = XCBuildConfiguration;
			buildSettings = {
				ASSETCATALOG_COMPILER_APPICON_NAME = AppIcon;
				INFOPLIST_FILE = LabelVIew/Info.plist;
				LD_RUNPATH_SEARCH_PATHS = "$(inherited) @executable_path/Frameworks";
				PRODUCT_BUNDLE_IDENTIFIER = Demo.LabelVIew;
				PRODUCT_NAME = "$(TARGET_NAME)";
			};
			name = Debug;
		};
		DBDCE8ED1C55F8950086D38A /* Release */ = {
			isa = XCBuildConfiguration;
			buildSettings = {
				ASSETCATALOG_COMPILER_APPICON_NAME = AppIcon;
				INFOPLIST_FILE = LabelVIew/Info.plist;
				LD_RUNPATH_SEARCH_PATHS = "$(inherited) @executable_path/Frameworks";
				PRODUCT_BUNDLE_IDENTIFIER = Demo.LabelVIew;
				PRODUCT_NAME = "$(TARGET_NAME)";
			};
			name = Release;
		};
/* End XCBuildConfiguration section */

/* Begin XCConfigurationList section */
		DBDCE8D41C55F8950086D38A /* Build configuration list for PBXProject "LabelVIew" */ = {
			isa = XCConfigurationList;
			buildConfigurations = (
				DBDCE8E91C55F8950086D38A /* Debug */,
				DBDCE8EA1C55F8950086D38A /* Release */,
			);
			defaultConfigurationIsVisible = 0;
			defaultConfigurationName = Release;
		};
		DBDCE8EB1C55F8950086D38A /* Build configuration list for PBXNativeTarget "LabelVIew" */ = {
			isa = XCConfigurationList;
			buildConfigurations = (
				DBDCE8EC1C55F8950086D38A /* Debug */,
				DBDCE8ED1C55F8950086D38A /* Release */,
			);
			defaultConfigurationIsVisible = 0;
		};
/* End XCConfigurationList section */
	};
	rootObject = DBDCE8D11C55F8950086D38A /* Project object */;
}
